// !$*UTF8*$!
{
	archiveVersion = 1;
	classes = {
	};
	objectVersion = 52;
	objects = {

/* Begin PBXBuildFile section */
		593AE0472552FE7000B301C7 /* ArticleListContract.swift in Sources */ = {isa = PBXBuildFile; fileRef = 593AE0462552FE7000B301C7 /* ArticleListContract.swift */; };
		593AE04C2552FE7E00B301C7 /* ArticleListBuilder.swift in Sources */ = {isa = PBXBuildFile; fileRef = 593AE04B2552FE7E00B301C7 /* ArticleListBuilder.swift */; };
		593AE0542552FE8E00B301C7 /* ArticleListVC.swift in Sources */ = {isa = PBXBuildFile; fileRef = 593AE0532552FE8E00B301C7 /* ArticleListVC.swift */; };
		593AE0592552FE9A00B301C7 /* ArticleListPresenter.swift in Sources */ = {isa = PBXBuildFile; fileRef = 593AE0582552FE9A00B301C7 /* ArticleListPresenter.swift */; };
		593AE05E2552FEA600B301C7 /* ArticleListInteractor.swift in Sources */ = {isa = PBXBuildFile; fileRef = 593AE05D2552FEA600B301C7 /* ArticleListInteractor.swift */; };
		593AE0632552FEB400B301C7 /* ArticleListRouter.swift in Sources */ = {isa = PBXBuildFile; fileRef = 593AE0622552FEB400B301C7 /* ArticleListRouter.swift */; };
		593AE06A25530ADD00B301C7 /* Article.swift in Sources */ = {isa = PBXBuildFile; fileRef = 593AE06925530ADD00B301C7 /* Article.swift */; };
		593AE0762553118000B301C7 /* ArticleListCell.swift in Sources */ = {isa = PBXBuildFile; fileRef = 593AE0752553118000B301C7 /* ArticleListCell.swift */; };
		593AE07D255316E500B301C7 /* ArticleEndpoint.swift in Sources */ = {isa = PBXBuildFile; fileRef = 593AE07C255316E500B301C7 /* ArticleEndpoint.swift */; };
		593AE08525531A6300B301C7 /* NetworkService.swift in Sources */ = {isa = PBXBuildFile; fileRef = 593AE08425531A6300B301C7 /* NetworkService.swift */; };
		593AE08B25531BBA00B301C7 /* APIArticle.swift in Sources */ = {isa = PBXBuildFile; fileRef = 593AE08A25531BBA00B301C7 /* APIArticle.swift */; };
		5971CE8E25521CC000EF196B /* AppDelegate.swift in Sources */ = {isa = PBXBuildFile; fileRef = 5971CE8D25521CC000EF196B /* AppDelegate.swift */; };
		5971CE9725521CC000EF196B /* Assets.xcassets in Resources */ = {isa = PBXBuildFile; fileRef = 5971CE9625521CC000EF196B /* Assets.xcassets */; };
		5971CE9A25521CC000EF196B /* LaunchScreen.storyboard in Resources */ = {isa = PBXBuildFile; fileRef = 5971CE9825521CC000EF196B /* LaunchScreen.storyboard */; };
		5971CEA525521CC100EF196B /* RedditAppTests.swift in Sources */ = {isa = PBXBuildFile; fileRef = 5971CEA425521CC100EF196B /* RedditAppTests.swift */; };
		5971CEB025521CC100EF196B /* RedditAppUITests.swift in Sources */ = {isa = PBXBuildFile; fileRef = 5971CEAF25521CC100EF196B /* RedditAppUITests.swift */; };
		59FF165E2552205400E6F658 /* AppCoordinator.swift in Sources */ = {isa = PBXBuildFile; fileRef = 59FF165D2552205400E6F658 /* AppCoordinator.swift */; };
		59FF1669255221CB00E6F658 /* Promises in Frameworks */ = {isa = PBXBuildFile; productRef = 59FF1668255221CB00E6F658 /* Promises */; };
		59FF166B255221CB00E6F658 /* PromisesTestHelpers in Frameworks */ = {isa = PBXBuildFile; productRef = 59FF166A255221CB00E6F658 /* PromisesTestHelpers */; };
		59FF16712552220F00E6F658 /* SDWebImage in Frameworks */ = {isa = PBXBuildFile; productRef = 59FF16702552220F00E6F658 /* SDWebImage */; };
/* End PBXBuildFile section */

/* Begin PBXContainerItemProxy section */
		5971CEA125521CC100EF196B /* PBXContainerItemProxy */ = {
			isa = PBXContainerItemProxy;
			containerPortal = 5971CE8225521CBF00EF196B /* Project object */;
			proxyType = 1;
			remoteGlobalIDString = 5971CE8925521CC000EF196B;
			remoteInfo = RedditApp;
		};
		5971CEAC25521CC100EF196B /* PBXContainerItemProxy */ = {
			isa = PBXContainerItemProxy;
			containerPortal = 5971CE8225521CBF00EF196B /* Project object */;
			proxyType = 1;
			remoteGlobalIDString = 5971CE8925521CC000EF196B;
			remoteInfo = RedditApp;
		};
/* End PBXContainerItemProxy section */

/* Begin PBXFileReference section */
		593AE0462552FE7000B301C7 /* ArticleListContract.swift */ = {isa = PBXFileReference; lastKnownFileType = sourcecode.swift; path = ArticleListContract.swift; sourceTree = "<group>"; };
		593AE04B2552FE7E00B301C7 /* ArticleListBuilder.swift */ = {isa = PBXFileReference; lastKnownFileType = sourcecode.swift; path = ArticleListBuilder.swift; sourceTree = "<group>"; };
		593AE0532552FE8E00B301C7 /* ArticleListVC.swift */ = {isa = PBXFileReference; lastKnownFileType = sourcecode.swift; path = ArticleListVC.swift; sourceTree = "<group>"; };
		593AE0582552FE9A00B301C7 /* ArticleListPresenter.swift */ = {isa = PBXFileReference; lastKnownFileType = sourcecode.swift; path = ArticleListPresenter.swift; sourceTree = "<group>"; };
		593AE05D2552FEA600B301C7 /* ArticleListInteractor.swift */ = {isa = PBXFileReference; lastKnownFileType = sourcecode.swift; path = ArticleListInteractor.swift; sourceTree = "<group>"; };
		593AE0622552FEB400B301C7 /* ArticleListRouter.swift */ = {isa = PBXFileReference; lastKnownFileType = sourcecode.swift; path = ArticleListRouter.swift; sourceTree = "<group>"; };
		593AE06925530ADD00B301C7 /* Article.swift */ = {isa = PBXFileReference; lastKnownFileType = sourcecode.swift; path = Article.swift; sourceTree = "<group>"; };
		593AE0752553118000B301C7 /* ArticleListCell.swift */ = {isa = PBXFileReference; lastKnownFileType = sourcecode.swift; path = ArticleListCell.swift; sourceTree = "<group>"; };
		593AE07C255316E500B301C7 /* ArticleEndpoint.swift */ = {isa = PBXFileReference; lastKnownFileType = sourcecode.swift; path = ArticleEndpoint.swift; sourceTree = "<group>"; };
		593AE08425531A6300B301C7 /* NetworkService.swift */ = {isa = PBXFileReference; lastKnownFileType = sourcecode.swift; path = NetworkService.swift; sourceTree = "<group>"; };
		593AE08A25531BBA00B301C7 /* APIArticle.swift */ = {isa = PBXFileReference; lastKnownFileType = sourcecode.swift; path = APIArticle.swift; sourceTree = "<group>"; };
		5971CE8A25521CC000EF196B /* RedditApp.app */ = {isa = PBXFileReference; explicitFileType = wrapper.application; includeInIndex = 0; path = RedditApp.app; sourceTree = BUILT_PRODUCTS_DIR; };
		5971CE8D25521CC000EF196B /* AppDelegate.swift */ = {isa = PBXFileReference; lastKnownFileType = sourcecode.swift; path = AppDelegate.swift; sourceTree = "<group>"; };
		5971CE9625521CC000EF196B /* Assets.xcassets */ = {isa = PBXFileReference; lastKnownFileType = folder.assetcatalog; path = Assets.xcassets; sourceTree = "<group>"; };
		5971CE9925521CC000EF196B /* Base */ = {isa = PBXFileReference; lastKnownFileType = file.storyboard; name = Base; path = Base.lproj/LaunchScreen.storyboard; sourceTree = "<group>"; };
		5971CE9B25521CC000EF196B /* Info.plist */ = {isa = PBXFileReference; lastKnownFileType = text.plist.xml; path = Info.plist; sourceTree = "<group>"; };
		5971CEA025521CC100EF196B /* RedditAppTests.xctest */ = {isa = PBXFileReference; explicitFileType = wrapper.cfbundle; includeInIndex = 0; path = RedditAppTests.xctest; sourceTree = BUILT_PRODUCTS_DIR; };
		5971CEA425521CC100EF196B /* RedditAppTests.swift */ = {isa = PBXFileReference; lastKnownFileType = sourcecode.swift; path = RedditAppTests.swift; sourceTree = "<group>"; };
		5971CEA625521CC100EF196B /* Info.plist */ = {isa = PBXFileReference; lastKnownFileType = text.plist.xml; path = Info.plist; sourceTree = "<group>"; };
		5971CEAB25521CC100EF196B /* RedditAppUITests.xctest */ = {isa = PBXFileReference; explicitFileType = wrapper.cfbundle; includeInIndex = 0; path = RedditAppUITests.xctest; sourceTree = BUILT_PRODUCTS_DIR; };
		5971CEAF25521CC100EF196B /* RedditAppUITests.swift */ = {isa = PBXFileReference; lastKnownFileType = sourcecode.swift; path = RedditAppUITests.swift; sourceTree = "<group>"; };
		5971CEB125521CC100EF196B /* Info.plist */ = {isa = PBXFileReference; lastKnownFileType = text.plist.xml; path = Info.plist; sourceTree = "<group>"; };
		59FF165425521EFB00E6F658 /* README.md */ = {isa = PBXFileReference; lastKnownFileType = net.daringfireball.markdown; path = README.md; sourceTree = "<group>"; };
		59FF165D2552205400E6F658 /* AppCoordinator.swift */ = {isa = PBXFileReference; lastKnownFileType = sourcecode.swift; path = AppCoordinator.swift; sourceTree = "<group>"; };
/* End PBXFileReference section */

/* Begin PBXFrameworksBuildPhase section */
		5971CE8725521CC000EF196B /* Frameworks */ = {
			isa = PBXFrameworksBuildPhase;
			buildActionMask = 2147483647;
			files = (
				59FF16712552220F00E6F658 /* SDWebImage in Frameworks */,
				59FF166B255221CB00E6F658 /* PromisesTestHelpers in Frameworks */,
				59FF1669255221CB00E6F658 /* Promises in Frameworks */,
			);
			runOnlyForDeploymentPostprocessing = 0;
		};
		5971CE9D25521CC100EF196B /* Frameworks */ = {
			isa = PBXFrameworksBuildPhase;
			buildActionMask = 2147483647;
			files = (
			);
			runOnlyForDeploymentPostprocessing = 0;
		};
		5971CEA825521CC100EF196B /* Frameworks */ = {
			isa = PBXFrameworksBuildPhase;
			buildActionMask = 2147483647;
			files = (
			);
			runOnlyForDeploymentPostprocessing = 0;
		};
/* End PBXFrameworksBuildPhase section */

/* Begin PBXGroup section */
		593AE06725530ACF00B301C7 /* Core */ = {
			isa = PBXGroup;
			children = (
				593AE06825530AD400B301C7 /* Models */,
				593AE071255310E200B301C7 /* Network */,
			);
			path = Core;
			sourceTree = "<group>";
		};
		593AE06825530AD400B301C7 /* Models */ = {
			isa = PBXGroup;
			children = (
				593AE06925530ADD00B301C7 /* Article.swift */,
			);
			path = Models;
			sourceTree = "<group>";
		};
		593AE071255310E200B301C7 /* Network */ = {
			isa = PBXGroup;
			children = (
				593AE08925531BAF00B301C7 /* Models */,
				593AE07B255316D000B301C7 /* Service */,
				593AE07A255316C800B301C7 /* Endpoint */,
			);
			path = Network;
			sourceTree = "<group>";
		};
		593AE07A255316C800B301C7 /* Endpoint */ = {
			isa = PBXGroup;
			children = (
				593AE07C255316E500B301C7 /* ArticleEndpoint.swift */,
			);
			path = Endpoint;
			sourceTree = "<group>";
		};
		593AE07B255316D000B301C7 /* Service */ = {
			isa = PBXGroup;
			children = (
				593AE08425531A6300B301C7 /* NetworkService.swift */,
			);
			path = Service;
			sourceTree = "<group>";
		};
		593AE08925531BAF00B301C7 /* Models */ = {
			isa = PBXGroup;
			children = (
				593AE08A25531BBA00B301C7 /* APIArticle.swift */,
			);
			path = Models;
			sourceTree = "<group>";
		};
		5952776825536AB400B3ACAC /* New Group */ = {
			isa = PBXGroup;
			children = (
			);
			path = "New Group";
			sourceTree = "<group>";
		};
		5971CE8125521CBF00EF196B = {
			isa = PBXGroup;
			children = (
				59FF165425521EFB00E6F658 /* README.md */,
				5971CE8C25521CC000EF196B /* RedditApp */,
				5971CEA325521CC100EF196B /* RedditAppTests */,
				5971CEAE25521CC100EF196B /* RedditAppUITests */,
				5971CE8B25521CC000EF196B /* Products */,
			);
			sourceTree = "<group>";
		};
		5971CE8B25521CC000EF196B /* Products */ = {
			isa = PBXGroup;
			children = (
				5971CE8A25521CC000EF196B /* RedditApp.app */,
				5971CEA025521CC100EF196B /* RedditAppTests.xctest */,
				5971CEAB25521CC100EF196B /* RedditAppUITests.xctest */,
			);
			name = Products;
			sourceTree = "<group>";
		};
		5971CE8C25521CC000EF196B /* RedditApp */ = {
			isa = PBXGroup;
			children = (
				5971CE8D25521CC000EF196B /* AppDelegate.swift */,
				5971CE9625521CC000EF196B /* Assets.xcassets */,
				5971CE9825521CC000EF196B /* LaunchScreen.storyboard */,
				5971CE9B25521CC000EF196B /* Info.plist */,
				593AE06725530ACF00B301C7 /* Core */,
				59FF165B2552203600E6F658 /* Coordinators */,
				59FF167525522FF000E6F658 /* Modules */,
			);
			path = RedditApp;
			sourceTree = "<group>";
		};
		5971CEA325521CC100EF196B /* RedditAppTests */ = {
			isa = PBXGroup;
			children = (
				5971CEA425521CC100EF196B /* RedditAppTests.swift */,
				5971CEA625521CC100EF196B /* Info.plist */,
			);
			path = RedditAppTests;
			sourceTree = "<group>";
		};
		5971CEAE25521CC100EF196B /* RedditAppUITests */ = {
			isa = PBXGroup;
			children = (
				5971CEAF25521CC100EF196B /* RedditAppUITests.swift */,
				5971CEB125521CC100EF196B /* Info.plist */,
			);
			path = RedditAppUITests;
			sourceTree = "<group>";
		};
		59FF165B2552203600E6F658 /* Coordinators */ = {
			isa = PBXGroup;
			children = (
				59FF165C2552204500E6F658 /* AppCoordinator */,
			);
			path = Coordinators;
			sourceTree = "<group>";
		};
		59FF165C2552204500E6F658 /* AppCoordinator */ = {
			isa = PBXGroup;
			children = (
				59FF165D2552205400E6F658 /* AppCoordinator.swift */,
			);
			path = AppCoordinator;
			sourceTree = "<group>";
		};
		59FF167525522FF000E6F658 /* Modules */ = {
			isa = PBXGroup;
			children = (
				59FF167625522FFF00E6F658 /* ArticleListModule */,
				5952776825536AB400B3ACAC /* New Group */,
			);
			path = Modules;
			sourceTree = "<group>";
		};
		59FF167625522FFF00E6F658 /* ArticleListModule */ = {
			isa = PBXGroup;
			children = (
				593AE0462552FE7000B301C7 /* ArticleListContract.swift */,
				59FF167B255230E100E6F658 /* Builder */,
				59FF167A255230DB00E6F658 /* Router */,
				59FF1679255230D300E6F658 /* Interactor */,
				59FF1678255230CC00E6F658 /* Presenter */,
				59FF1677255230C700E6F658 /* View */,
			);
			path = ArticleListModule;
			sourceTree = "<group>";
		};
		59FF1677255230C700E6F658 /* View */ = {
			isa = PBXGroup;
			children = (
				593AE0532552FE8E00B301C7 /* ArticleListVC.swift */,
				593AE0752553118000B301C7 /* ArticleListCell.swift */,
			);
			path = View;
			sourceTree = "<group>";
		};
		59FF1678255230CC00E6F658 /* Presenter */ = {
			isa = PBXGroup;
			children = (
				593AE0582552FE9A00B301C7 /* ArticleListPresenter.swift */,
			);
			path = Presenter;
			sourceTree = "<group>";
		};
		59FF1679255230D300E6F658 /* Interactor */ = {
			isa = PBXGroup;
			children = (
				593AE05D2552FEA600B301C7 /* ArticleListInteractor.swift */,
			);
			path = Interactor;
			sourceTree = "<group>";
		};
		59FF167A255230DB00E6F658 /* Router */ = {
			isa = PBXGroup;
			children = (
				593AE0622552FEB400B301C7 /* ArticleListRouter.swift */,
			);
			path = Router;
			sourceTree = "<group>";
		};
		59FF167B255230E100E6F658 /* Builder */ = {
			isa = PBXGroup;
			children = (
				593AE04B2552FE7E00B301C7 /* ArticleListBuilder.swift */,
			);
			path = Builder;
			sourceTree = "<group>";
		};
/* End PBXGroup section */

/* Begin PBXNativeTarget section */
		5971CE8925521CC000EF196B /* RedditApp */ = {
			isa = PBXNativeTarget;
			buildConfigurationList = 5971CEB425521CC100EF196B /* Build configuration list for PBXNativeTarget "RedditApp" */;
			buildPhases = (
				5971CE8625521CC000EF196B /* Sources */,
				5971CE8725521CC000EF196B /* Frameworks */,
				5971CE8825521CC000EF196B /* Resources */,
			);
			buildRules = (
			);
			dependencies = (
			);
			name = RedditApp;
			packageProductDependencies = (
				59FF1668255221CB00E6F658 /* Promises */,
				59FF166A255221CB00E6F658 /* PromisesTestHelpers */,
				59FF16702552220F00E6F658 /* SDWebImage */,
			);
			productName = RedditApp;
			productReference = 5971CE8A25521CC000EF196B /* RedditApp.app */;
			productType = "com.apple.product-type.application";
		};
		5971CE9F25521CC100EF196B /* RedditAppTests */ = {
			isa = PBXNativeTarget;
			buildConfigurationList = 5971CEB725521CC100EF196B /* Build configuration list for PBXNativeTarget "RedditAppTests" */;
			buildPhases = (
				5971CE9C25521CC100EF196B /* Sources */,
				5971CE9D25521CC100EF196B /* Frameworks */,
				5971CE9E25521CC100EF196B /* Resources */,
			);
			buildRules = (
			);
			dependencies = (
				5971CEA225521CC100EF196B /* PBXTargetDependency */,
			);
			name = RedditAppTests;
			productName = RedditAppTests;
			productReference = 5971CEA025521CC100EF196B /* RedditAppTests.xctest */;
			productType = "com.apple.product-type.bundle.unit-test";
		};
		5971CEAA25521CC100EF196B /* RedditAppUITests */ = {
			isa = PBXNativeTarget;
			buildConfigurationList = 5971CEBA25521CC100EF196B /* Build configuration list for PBXNativeTarget "RedditAppUITests" */;
			buildPhases = (
				5971CEA725521CC100EF196B /* Sources */,
				5971CEA825521CC100EF196B /* Frameworks */,
				5971CEA925521CC100EF196B /* Resources */,
			);
			buildRules = (
			);
			dependencies = (
				5971CEAD25521CC100EF196B /* PBXTargetDependency */,
			);
			name = RedditAppUITests;
			productName = RedditAppUITests;
			productReference = 5971CEAB25521CC100EF196B /* RedditAppUITests.xctest */;
			productType = "com.apple.product-type.bundle.ui-testing";
		};
/* End PBXNativeTarget section */

/* Begin PBXProject section */
		5971CE8225521CBF00EF196B /* Project object */ = {
			isa = PBXProject;
			attributes = {
				LastSwiftUpdateCheck = 1200;
				LastUpgradeCheck = 1200;
				TargetAttributes = {
					5971CE8925521CC000EF196B = {
						CreatedOnToolsVersion = 12.0;
					};
					5971CE9F25521CC100EF196B = {
						CreatedOnToolsVersion = 12.0;
						TestTargetID = 5971CE8925521CC000EF196B;
					};
					5971CEAA25521CC100EF196B = {
						CreatedOnToolsVersion = 12.0;
						TestTargetID = 5971CE8925521CC000EF196B;
					};
				};
			};
			buildConfigurationList = 5971CE8525521CBF00EF196B /* Build configuration list for PBXProject "RedditApp" */;
			compatibilityVersion = "Xcode 9.3";
			developmentRegion = en;
			hasScannedForEncodings = 0;
			knownRegions = (
				en,
				Base,
			);
			mainGroup = 5971CE8125521CBF00EF196B;
			packageReferences = (
				59FF1667255221CB00E6F658 /* XCRemoteSwiftPackageReference "promises" */,
				59FF166F2552220F00E6F658 /* XCRemoteSwiftPackageReference "SDWebImage" */,
			);
			productRefGroup = 5971CE8B25521CC000EF196B /* Products */;
			projectDirPath = "";
			projectRoot = "";
			targets = (
				5971CE8925521CC000EF196B /* RedditApp */,
				5971CE9F25521CC100EF196B /* RedditAppTests */,
				5971CEAA25521CC100EF196B /* RedditAppUITests */,
			);
		};
/* End PBXProject section */

/* Begin PBXResourcesBuildPhase section */
		5971CE8825521CC000EF196B /* Resources */ = {
			isa = PBXResourcesBuildPhase;
			buildActionMask = 2147483647;
			files = (
				5971CE9A25521CC000EF196B /* LaunchScreen.storyboard in Resources */,
				5971CE9725521CC000EF196B /* Assets.xcassets in Resources */,
			);
			runOnlyForDeploymentPostprocessing = 0;
		};
		5971CE9E25521CC100EF196B /* Resources */ = {
			isa = PBXResourcesBuildPhase;
			buildActionMask = 2147483647;
			files = (
			);
			runOnlyForDeploymentPostprocessing = 0;
		};
		5971CEA925521CC100EF196B /* Resources */ = {
			isa = PBXResourcesBuildPhase;
			buildActionMask = 2147483647;
			files = (
			);
			runOnlyForDeploymentPostprocessing = 0;
		};
/* End PBXResourcesBuildPhase section */

/* Begin PBXSourcesBuildPhase section */
		5971CE8625521CC000EF196B /* Sources */ = {
			isa = PBXSourcesBuildPhase;
			buildActionMask = 2147483647;
			files = (
				59FF165E2552205400E6F658 /* AppCoordinator.swift in Sources */,
				593AE07D255316E500B301C7 /* ArticleEndpoint.swift in Sources */,
				5971CE8E25521CC000EF196B /* AppDelegate.swift in Sources */,
				593AE0762553118000B301C7 /* ArticleListCell.swift in Sources */,
				593AE06A25530ADD00B301C7 /* Article.swift in Sources */,
				593AE0542552FE8E00B301C7 /* ArticleListVC.swift in Sources */,
				593AE0632552FEB400B301C7 /* ArticleListRouter.swift in Sources */,
				593AE0592552FE9A00B301C7 /* ArticleListPresenter.swift in Sources */,
				593AE04C2552FE7E00B301C7 /* ArticleListBuilder.swift in Sources */,
				593AE05E2552FEA600B301C7 /* ArticleListInteractor.swift in Sources */,
				593AE08525531A6300B301C7 /* NetworkService.swift in Sources */,
				593AE08B25531BBA00B301C7 /* APIArticle.swift in Sources */,
				593AE0472552FE7000B301C7 /* ArticleListContract.swift in Sources */,
			);
			runOnlyForDeploymentPostprocessing = 0;
		};
		5971CE9C25521CC100EF196B /* Sources */ = {
			isa = PBXSourcesBuildPhase;
			buildActionMask = 2147483647;
			files = (
				5971CEA525521CC100EF196B /* RedditAppTests.swift in Sources */,
			);
			runOnlyForDeploymentPostprocessing = 0;
		};
		5971CEA725521CC100EF196B /* Sources */ = {
			isa = PBXSourcesBuildPhase;
			buildActionMask = 2147483647;
			files = (
				5971CEB025521CC100EF196B /* RedditAppUITests.swift in Sources */,
			);
			runOnlyForDeploymentPostprocessing = 0;
		};
/* End PBXSourcesBuildPhase section */

/* Begin PBXTargetDependency section */
		5971CEA225521CC100EF196B /* PBXTargetDependency */ = {
			isa = PBXTargetDependency;
			target = 5971CE8925521CC000EF196B /* RedditApp */;
			targetProxy = 5971CEA125521CC100EF196B /* PBXContainerItemProxy */;
		};
		5971CEAD25521CC100EF196B /* PBXTargetDependency */ = {
			isa = PBXTargetDependency;
			target = 5971CE8925521CC000EF196B /* RedditApp */;
			targetProxy = 5971CEAC25521CC100EF196B /* PBXContainerItemProxy */;
		};
/* End PBXTargetDependency section */

/* Begin PBXVariantGroup section */
		5971CE9825521CC000EF196B /* LaunchScreen.storyboard */ = {
			isa = PBXVariantGroup;
			children = (
				5971CE9925521CC000EF196B /* Base */,
			);
			name = LaunchScreen.storyboard;
			sourceTree = "<group>";
		};
/* End PBXVariantGroup section */

/* Begin XCBuildConfiguration section */
		5971CEB225521CC100EF196B /* Debug */ = {
			isa = XCBuildConfiguration;
			buildSettings = {
				ALWAYS_SEARCH_USER_PATHS = NO;
				CLANG_ANALYZER_NONNULL = YES;
				CLANG_ANALYZER_NUMBER_OBJECT_CONVERSION = YES_AGGRESSIVE;
				CLANG_CXX_LANGUAGE_STANDARD = "gnu++14";
				CLANG_CXX_LIBRARY = "libc++";
				CLANG_ENABLE_MODULES = YES;
				CLANG_ENABLE_OBJC_ARC = YES;
				CLANG_ENABLE_OBJC_WEAK = YES;
				CLANG_WARN_BLOCK_CAPTURE_AUTORELEASING = YES;
				CLANG_WARN_BOOL_CONVERSION = YES;
				CLANG_WARN_COMMA = YES;
				CLANG_WARN_CONSTANT_CONVERSION = YES;
				CLANG_WARN_DEPRECATED_OBJC_IMPLEMENTATIONS = YES;
				CLANG_WARN_DIRECT_OBJC_ISA_USAGE = YES_ERROR;
				CLANG_WARN_DOCUMENTATION_COMMENTS = YES;
				CLANG_WARN_EMPTY_BODY = YES;
				CLANG_WARN_ENUM_CONVERSION = YES;
				CLANG_WARN_INFINITE_RECURSION = YES;
				CLANG_WARN_INT_CONVERSION = YES;
				CLANG_WARN_NON_LITERAL_NULL_CONVERSION = YES;
				CLANG_WARN_OBJC_IMPLICIT_RETAIN_SELF = YES;
				CLANG_WARN_OBJC_LITERAL_CONVERSION = YES;
				CLANG_WARN_OBJC_ROOT_CLASS = YES_ERROR;
				CLANG_WARN_QUOTED_INCLUDE_IN_FRAMEWORK_HEADER = YES;
				CLANG_WARN_RANGE_LOOP_ANALYSIS = YES;
				CLANG_WARN_STRICT_PROTOTYPES = YES;
				CLANG_WARN_SUSPICIOUS_MOVE = YES;
				CLANG_WARN_UNGUARDED_AVAILABILITY = YES_AGGRESSIVE;
				CLANG_WARN_UNREACHABLE_CODE = YES;
				CLANG_WARN__DUPLICATE_METHOD_MATCH = YES;
				COPY_PHASE_STRIP = NO;
				DEBUG_INFORMATION_FORMAT = dwarf;
				ENABLE_STRICT_OBJC_MSGSEND = YES;
				ENABLE_TESTABILITY = YES;
				GCC_C_LANGUAGE_STANDARD = gnu11;
				GCC_DYNAMIC_NO_PIC = NO;
				GCC_NO_COMMON_BLOCKS = YES;
				GCC_OPTIMIZATION_LEVEL = 0;
				GCC_PREPROCESSOR_DEFINITIONS = (
					"DEBUG=1",
					"$(inherited)",
				);
				GCC_WARN_64_TO_32_BIT_CONVERSION = YES;
				GCC_WARN_ABOUT_RETURN_TYPE = YES_ERROR;
				GCC_WARN_UNDECLARED_SELECTOR = YES;
				GCC_WARN_UNINITIALIZED_AUTOS = YES_AGGRESSIVE;
				GCC_WARN_UNUSED_FUNCTION = YES;
				GCC_WARN_UNUSED_VARIABLE = YES;
				IPHONEOS_DEPLOYMENT_TARGET = 12.0;
				MTL_ENABLE_DEBUG_INFO = INCLUDE_SOURCE;
				MTL_FAST_MATH = YES;
				ONLY_ACTIVE_ARCH = YES;
				SDKROOT = iphoneos;
				SWIFT_ACTIVE_COMPILATION_CONDITIONS = DEBUG;
				SWIFT_OPTIMIZATION_LEVEL = "-Onone";
			};
			name = Debug;
		};
		5971CEB325521CC100EF196B /* Release */ = {
			isa = XCBuildConfiguration;
			buildSettings = {
				ALWAYS_SEARCH_USER_PATHS = NO;
				CLANG_ANALYZER_NONNULL = YES;
				CLANG_ANALYZER_NUMBER_OBJECT_CONVERSION = YES_AGGRESSIVE;
				CLANG_CXX_LANGUAGE_STANDARD = "gnu++14";
				CLANG_CXX_LIBRARY = "libc++";
				CLANG_ENABLE_MODULES = YES;
				CLANG_ENABLE_OBJC_ARC = YES;
				CLANG_ENABLE_OBJC_WEAK = YES;
				CLANG_WARN_BLOCK_CAPTURE_AUTORELEASING = YES;
				CLANG_WARN_BOOL_CONVERSION = YES;
				CLANG_WARN_COMMA = YES;
				CLANG_WARN_CONSTANT_CONVERSION = YES;
				CLANG_WARN_DEPRECATED_OBJC_IMPLEMENTATIONS = YES;
				CLANG_WARN_DIRECT_OBJC_ISA_USAGE = YES_ERROR;
				CLANG_WARN_DOCUMENTATION_COMMENTS = YES;
				CLANG_WARN_EMPTY_BODY = YES;
				CLANG_WARN_ENUM_CONVERSION = YES;
				CLANG_WARN_INFINITE_RECURSION = YES;
				CLANG_WARN_INT_CONVERSION = YES;
				CLANG_WARN_NON_LITERAL_NULL_CONVERSION = YES;
				CLANG_WARN_OBJC_IMPLICIT_RETAIN_SELF = YES;
				CLANG_WARN_OBJC_LITERAL_CONVERSION = YES;
				CLANG_WARN_OBJC_ROOT_CLASS = YES_ERROR;
				CLANG_WARN_QUOTED_INCLUDE_IN_FRAMEWORK_HEADER = YES;
				CLANG_WARN_RANGE_LOOP_ANALYSIS = YES;
				CLANG_WARN_STRICT_PROTOTYPES = YES;
				CLANG_WARN_SUSPICIOUS_MOVE = YES;
				CLANG_WARN_UNGUARDED_AVAILABILITY = YES_AGGRESSIVE;
				CLANG_WARN_UNREACHABLE_CODE = YES;
				CLANG_WARN__DUPLICATE_METHOD_MATCH = YES;
				COPY_PHASE_STRIP = NO;
				DEBUG_INFORMATION_FORMAT = "dwarf-with-dsym";
				ENABLE_NS_ASSERTIONS = NO;
				ENABLE_STRICT_OBJC_MSGSEND = YES;
				GCC_C_LANGUAGE_STANDARD = gnu11;
				GCC_NO_COMMON_BLOCKS = YES;
				GCC_WARN_64_TO_32_BIT_CONVERSION = YES;
				GCC_WARN_ABOUT_RETURN_TYPE = YES_ERROR;
				GCC_WARN_UNDECLARED_SELECTOR = YES;
				GCC_WARN_UNINITIALIZED_AUTOS = YES_AGGRESSIVE;
				GCC_WARN_UNUSED_FUNCTION = YES;
				GCC_WARN_UNUSED_VARIABLE = YES;
				IPHONEOS_DEPLOYMENT_TARGET = 12.0;
				MTL_ENABLE_DEBUG_INFO = NO;
				MTL_FAST_MATH = YES;
				SDKROOT = iphoneos;
				SWIFT_COMPILATION_MODE = wholemodule;
				SWIFT_OPTIMIZATION_LEVEL = "-O";
				VALIDATE_PRODUCT = YES;
			};
			name = Release;
		};
		5971CEB525521CC100EF196B /* Debug */ = {
			isa = XCBuildConfiguration;
			buildSettings = {
				ASSETCATALOG_COMPILER_APPICON_NAME = AppIcon;
				ASSETCATALOG_COMPILER_GLOBAL_ACCENT_COLOR_NAME = AccentColor;
				CODE_SIGN_STYLE = Automatic;
				DEVELOPMENT_TEAM = BZ27YYQTDT;
				INFOPLIST_FILE = RedditApp/Info.plist;
				LD_RUNPATH_SEARCH_PATHS = (
					"$(inherited)",
					"@executable_path/Frameworks",
				);
				PRODUCT_BUNDLE_IDENTIFIER = com.fawad.RedditApp;
				PRODUCT_NAME = "$(TARGET_NAME)";
				SWIFT_VERSION = 5.0;
				TARGETED_DEVICE_FAMILY = "1,2";
			};
			name = Debug;
		};
		5971CEB625521CC100EF196B /* Release */ = {
			isa = XCBuildConfiguration;
			buildSettings = {
				ASSETCATALOG_COMPILER_APPICON_NAME = AppIcon;
				ASSETCATALOG_COMPILER_GLOBAL_ACCENT_COLOR_NAME = AccentColor;
				CODE_SIGN_STYLE = Automatic;
				DEVELOPMENT_TEAM = BZ27YYQTDT;
				INFOPLIST_FILE = RedditApp/Info.plist;
				LD_RUNPATH_SEARCH_PATHS = (
					"$(inherited)",
					"@executable_path/Frameworks",
				);
				PRODUCT_BUNDLE_IDENTIFIER = com.fawad.RedditApp;
				PRODUCT_NAME = "$(TARGET_NAME)";
				SWIFT_VERSION = 5.0;
				TARGETED_DEVICE_FAMILY = "1,2";
			};
			name = Release;
		};
		5971CEB825521CC100EF196B /* Debug */ = {
			isa = XCBuildConfiguration;
			buildSettings = {
				ALWAYS_EMBED_SWIFT_STANDARD_LIBRARIES = YES;
				BUNDLE_LOADER = "$(TEST_HOST)";
				CODE_SIGN_STYLE = Automatic;
				DEVELOPMENT_TEAM = BZ27YYQTDT;
				INFOPLIST_FILE = RedditAppTests/Info.plist;
				IPHONEOS_DEPLOYMENT_TARGET = 14.0;
				LD_RUNPATH_SEARCH_PATHS = (
					"$(inherited)",
					"@executable_path/Frameworks",
					"@loader_path/Frameworks",
				);
				PRODUCT_BUNDLE_IDENTIFIER = com.fawad.RedditAppTests;
				PRODUCT_NAME = "$(TARGET_NAME)";
				SWIFT_VERSION = 5.0;
				TARGETED_DEVICE_FAMILY = "1,2";
				TEST_HOST = "$(BUILT_PRODUCTS_DIR)/RedditApp.app/RedditApp";
			};
			name = Debug;
		};
		5971CEB925521CC100EF196B /* Release */ = {
			isa = XCBuildConfiguration;
			buildSettings = {
				ALWAYS_EMBED_SWIFT_STANDARD_LIBRARIES = YES;
				BUNDLE_LOADER = "$(TEST_HOST)";
				CODE_SIGN_STYLE = Automatic;
				DEVELOPMENT_TEAM = BZ27YYQTDT;
				INFOPLIST_FILE = RedditAppTests/Info.plist;
				IPHONEOS_DEPLOYMENT_TARGET = 14.0;
				LD_RUNPATH_SEARCH_PATHS = (
					"$(inherited)",
					"@executable_path/Frameworks",
					"@loader_path/Frameworks",
				);
				PRODUCT_BUNDLE_IDENTIFIER = com.fawad.RedditAppTests;
				PRODUCT_NAME = "$(TARGET_NAME)";
				SWIFT_VERSION = 5.0;
				TARGETED_DEVICE_FAMILY = "1,2";
				TEST_HOST = "$(BUILT_PRODUCTS_DIR)/RedditApp.app/RedditApp";
			};
			name = Release;
		};
		5971CEBB25521CC100EF196B /* Debug */ = {
			isa = XCBuildConfiguration;
			buildSettings = {
				ALWAYS_EMBED_SWIFT_STANDARD_LIBRARIES = YES;
				CODE_SIGN_STYLE = Automatic;
				DEVELOPMENT_TEAM = BZ27YYQTDT;
				INFOPLIST_FILE = RedditAppUITests/Info.plist;
				LD_RUNPATH_SEARCH_PATHS = (
					"$(inherited)",
					"@executable_path/Frameworks",
					"@loader_path/Frameworks",
				);
				PRODUCT_BUNDLE_IDENTIFIER = com.fawad.RedditAppUITests;
				PRODUCT_NAME = "$(TARGET_NAME)";
				SWIFT_VERSION = 5.0;
				TARGETED_DEVICE_FAMILY = "1,2";
				TEST_TARGET_NAME = RedditApp;
			};
			name = Debug;
		};
		5971CEBC25521CC100EF196B /* Release */ = {
			isa = XCBuildConfiguration;
			buildSettings = {
				ALWAYS_EMBED_SWIFT_STANDARD_LIBRARIES = YES;
				CODE_SIGN_STYLE = Automatic;
				DEVELOPMENT_TEAM = BZ27YYQTDT;
				INFOPLIST_FILE = RedditAppUITests/Info.plist;
				LD_RUNPATH_SEARCH_PATHS = (
					"$(inherited)",
					"@executable_path/Frameworks",
					"@loader_path/Frameworks",
				);
				PRODUCT_BUNDLE_IDENTIFIER = com.fawad.RedditAppUITests;
				PRODUCT_NAME = "$(TARGET_NAME)";
				SWIFT_VERSION = 5.0;
				TARGETED_DEVICE_FAMILY = "1,2";
				TEST_TARGET_NAME = RedditApp;
			};
			name = Release;
		};
/* End XCBuildConfiguration section */

/* Begin XCConfigurationList section */
		5971CE8525521CBF00EF196B /* Build configuration list for PBXProject "RedditApp" */ = {
			isa = XCConfigurationList;
			buildConfigurations = (
				5971CEB225521CC100EF196B /* Debug */,
				5971CEB325521CC100EF196B /* Release */,
			);
			defaultConfigurationIsVisible = 0;
			defaultConfigurationName = Release;
		};
		5971CEB425521CC100EF196B /* Build configuration list for PBXNativeTarget "RedditApp" */ = {
			isa = XCConfigurationList;
			buildConfigurations = (
				5971CEB525521CC100EF196B /* Debug */,
				5971CEB625521CC100EF196B /* Release */,
			);
			defaultConfigurationIsVisible = 0;
			defaultConfigurationName = Release;
		};
		5971CEB725521CC100EF196B /* Build configuration list for PBXNativeTarget "RedditAppTests" */ = {
			isa = XCConfigurationList;
			buildConfigurations = (
				5971CEB825521CC100EF196B /* Debug */,
				5971CEB925521CC100EF196B /* Release */,
			);
			defaultConfigurationIsVisible = 0;
			defaultConfigurationName = Release;
		};
		5971CEBA25521CC100EF196B /* Build configuration list for PBXNativeTarget "RedditAppUITests" */ = {
			isa = XCConfigurationList;
			buildConfigurations = (
				5971CEBB25521CC100EF196B /* Debug */,
				5971CEBC25521CC100EF196B /* Release */,
			);
			defaultConfigurationIsVisible = 0;
			defaultConfigurationName = Release;
		};
/* End XCConfigurationList section */

/* Begin XCRemoteSwiftPackageReference section */
		59FF1667255221CB00E6F658 /* XCRemoteSwiftPackageReference "promises" */ = {
			isa = XCRemoteSwiftPackageReference;
			repositoryURL = "https://github.com/google/promises";
			requirement = {
				kind = exactVersion;
				version = 1.2.11;
			};
		};
		59FF166F2552220F00E6F658 /* XCRemoteSwiftPackageReference "SDWebImage" */ = {
			isa = XCRemoteSwiftPackageReference;
			repositoryURL = "https://github.com/SDWebImage/SDWebImage";
			requirement = {
				kind = exactVersion;
				version = 5.9.4;
			};
		};
/* End XCRemoteSwiftPackageReference section */

/* Begin XCSwiftPackageProductDependency section */
		59FF1668255221CB00E6F658 /* Promises */ = {
			isa = XCSwiftPackageProductDependency;
			package = 59FF1667255221CB00E6F658 /* XCRemoteSwiftPackageReference "promises" */;
			productName = Promises;
		};
		59FF166A255221CB00E6F658 /* PromisesTestHelpers */ = {
			isa = XCSwiftPackageProductDependency;
			package = 59FF1667255221CB00E6F658 /* XCRemoteSwiftPackageReference "promises" */;
			productName = PromisesTestHelpers;
		};
		59FF16702552220F00E6F658 /* SDWebImage */ = {
			isa = XCSwiftPackageProductDependency;
			package = 59FF166F2552220F00E6F658 /* XCRemoteSwiftPackageReference "SDWebImage" */;
			productName = SDWebImage;
		};
/* End XCSwiftPackageProductDependency section */
	};
	rootObject = 5971CE8225521CBF00EF196B /* Project object */;
}
